
Microsoft Visual Studio Solution File, Format Version 12.00
# Visual Studio Version 17
VisualStudioVersion = 17.8.34330.188
MinimumVisualStudioVersion = 10.0.40219.1
Project("{9A19103F-16F7-4668-BE54-9A1E7A4F7556}") = "ESozluk.Api", "ESozluk.Api\ESozluk.Api.csproj", "{44C9D704-5547-4213-9511-6F0F8F26AABA}"
EndProject
Project("{9A19103F-16F7-4668-BE54-9A1E7A4F7556}") = "ESozluk.Business", "ESozluk.Business\ESozluk.Business.csproj", "{747B2004-F472-441C-8AE0-A5C3DD0F2536}"
EndProject
Project("{9A19103F-16F7-4668-BE54-9A1E7A4F7556}") = "ESozluk.Domain", "ESozluk.Core\ESozluk.Domain.csproj", "{1BB89E1D-2654-471A-80E1-20DD4005B9AF}"
EndProject
Project("{9A19103F-16F7-4668-BE54-9A1E7A4F7556}") = "ESozluk.DataAccess", "ESozluk.DataAccess\ESozluk.DataAccess.csproj", "{ED239C89-E2E5-41B0-97B1-B1ACE08FB45F}"
EndProject
Project("{FAE04EC0-301F-11D3-BF4B-00C04F79EFBC}") = "Core", "Core\Core.csproj", "{A5BDE051-53FE-4C06-A4BC-90E50DCD0042}"
EndProject
Global
	GlobalSection(SolutionConfigurationPlatforms) = preSolution
		Debug|Any CPU = Debug|Any CPU
		Release|Any CPU = Release|Any CPU
	EndGlobalSection
	GlobalSection(ProjectConfigurationPlatforms) = postSolution
		{44C9D704-5547-4213-9511-6F0F8F26AABA}.Debug|Any CPU.ActiveCfg = Debug|Any CPU
		{44C9D704-5547-4213-9511-6F0F8F26AABA}.Debug|Any CPU.Build.0 = Debug|Any CPU
		{44C9D704-5547-4213-9511-6F0F8F26AABA}.Release|Any CPU.ActiveCfg = Release|Any CPU
		{44C9D704-5547-4213-9511-6F0F8F26AABA}.Release|Any CPU.Build.0 = Release|Any CPU
		{747B2004-F472-441C-8AE0-A5C3DD0F2536}.Debug|Any CPU.ActiveCfg = Debug|Any CPU
		{747B2004-F472-441C-8AE0-A5C3DD0F2536}.Debug|Any CPU.Build.0 = Debug|Any CPU
		{747B2004-F472-441C-8AE0-A5C3DD0F2536}.Release|Any CPU.ActiveCfg = Release|Any CPU
		{747B2004-F472-441C-8AE0-A5C3DD0F2536}.Release|Any CPU.Build.0 = Release|Any CPU
		{1BB89E1D-2654-471A-80E1-20DD4005B9AF}.Debug|Any CPU.ActiveCfg = Debug|Any CPU
		{1BB89E1D-2654-471A-80E1-20DD4005B9AF}.Debug|Any CPU.Build.0 = Debug|Any CPU
		{1BB89E1D-2654-471A-80E1-20DD4005B9AF}.Release|Any CPU.ActiveCfg = Release|Any CPU
		{1BB89E1D-2654-471A-80E1-20DD4005B9AF}.Release|Any CPU.Build.0 = Release|Any CPU
		{ED239C89-E2E5-41B0-97B1-B1ACE08FB45F}.Debug|Any CPU.ActiveCfg = Debug|Any CPU
		{ED239C89-E2E5-41B0-97B1-B1ACE08FB45F}.Debug|Any CPU.Build.0 = Debug|Any CPU
		{ED239C89-E2E5-41B0-97B1-B1ACE08FB45F}.Release|Any CPU.ActiveCfg = Release|Any CPU
		{ED239C89-E2E5-41B0-97B1-B1ACE08FB45F}.Release|Any CPU.Build.0 = Release|Any CPU
		{A5BDE051-53FE-4C06-A4BC-90E50DCD0042}.Debug|Any CPU.ActiveCfg = Debug|Any CPU
		{A5BDE051-53FE-4C06-A4BC-90E50DCD0042}.Debug|Any CPU.Build.0 = Debug|Any CPU
		{A5BDE051-53FE-4C06-A4BC-90E50DCD0042}.Release|Any CPU.ActiveCfg = Release|Any CPU
		{A5BDE051-53FE-4C06-A4BC-90E50DCD0042}.Release|Any CPU.Build.0 = Release|Any CPU
	EndGlobalSection
	GlobalSection(SolutionProperties) = preSolution
		HideSolutionNode = FALSE
	EndGlobalSection
	GlobalSection(ExtensibilityGlobals) = postSolution
		SolutionGuid = {DD3C2E53-7286-4025-B1AB-B04A2AAF032A}
	EndGlobalSection
EndGlobal
